
Microsoft Visual Studio Solution File, Format Version 12.00
# Visual Studio Version 17
VisualStudioVersion = 17.6.33815.320
MinimumVisualStudioVersion = 10.0.40219.1
Project("{2150E333-8FDC-42A3-9474-1A3956D46DE8}") = "1 - Server", "1 - Server", "{FDA1DC5D-2589-4F80-BCC3-5524FE471591}"
EndProject
Project("{2150E333-8FDC-42A3-9474-1A3956D46DE8}") = "2 - Domain", "2 - Domain", "{D5E9A885-B4F4-4C41-B5EE-440C2910C99C}"
EndProject
Project("{2150E333-8FDC-42A3-9474-1A3956D46DE8}") = "3 - Infrastructure", "3 - Infrastructure", "{AB2403E8-B7A2-4E1B-9274-DD5E601A5FCA}"
EndProject
Project("{2150E333-8FDC-42A3-9474-1A3956D46DE8}") = "4 - Service", "4 - Service", "{6BCBD7B1-720E-4B88-BAFA-2711DEDA6538}"
EndProject
Project("{9A19103F-16F7-4668-BE54-9A1E7A4F7556}") = "GFTFluxoCaixa.Api", "GFTFluxoCaixa.Api\GFTFluxoCaixa.Api.csproj", "{0FFA0A0A-F670-4EA4-A535-8D96BBD55085}"
EndProject
Project("{9A19103F-16F7-4668-BE54-9A1E7A4F7556}") = "GFTFluxoCaixa.Domain", "GFTFluxoCaixa.Domain\GFTFluxoCaixa.Domain.csproj", "{00288E05-B337-484E-A83B-066FD58BCF3A}"
EndProject
Project("{9A19103F-16F7-4668-BE54-9A1E7A4F7556}") = "GFTFluxoCaixa.Infrastructure.Data", "GFTFluxoCaixa.Infrastructure.Data\GFTFluxoCaixa.Infrastructure.Data.csproj", "{06EB1E9B-22E9-4A9A-BD2A-FA8053569E71}"
EndProject
Project("{9A19103F-16F7-4668-BE54-9A1E7A4F7556}") = "GFTFluxoCaixa.Service", "GFTFluxoCaixa.Service\GFTFluxoCaixa.Service.csproj", "{B0EEE07D-510A-4120-A72A-3E23FCA801D3}"
EndProject
Project("{9A19103F-16F7-4668-BE54-9A1E7A4F7556}") = "GFTFluxoCaixa.Infrastructure.CrossCutting", "GFTFluxoCaixa.Infrastructure.CrossCutting\GFTFluxoCaixa.Infrastructure.CrossCutting.csproj", "{FC884504-51ED-47D9-8FDE-057881798E41}"
EndProject
Global
	GlobalSection(SolutionConfigurationPlatforms) = preSolution
		Debug|Any CPU = Debug|Any CPU
		Release|Any CPU = Release|Any CPU
	EndGlobalSection
	GlobalSection(ProjectConfigurationPlatforms) = postSolution
		{0FFA0A0A-F670-4EA4-A535-8D96BBD55085}.Debug|Any CPU.ActiveCfg = Debug|Any CPU
		{0FFA0A0A-F670-4EA4-A535-8D96BBD55085}.Debug|Any CPU.Build.0 = Debug|Any CPU
		{0FFA0A0A-F670-4EA4-A535-8D96BBD55085}.Release|Any CPU.ActiveCfg = Release|Any CPU
		{0FFA0A0A-F670-4EA4-A535-8D96BBD55085}.Release|Any CPU.Build.0 = Release|Any CPU
		{00288E05-B337-484E-A83B-066FD58BCF3A}.Debug|Any CPU.ActiveCfg = Debug|Any CPU
		{00288E05-B337-484E-A83B-066FD58BCF3A}.Debug|Any CPU.Build.0 = Debug|Any CPU
		{00288E05-B337-484E-A83B-066FD58BCF3A}.Release|Any CPU.ActiveCfg = Release|Any CPU
		{00288E05-B337-484E-A83B-066FD58BCF3A}.Release|Any CPU.Build.0 = Release|Any CPU
		{06EB1E9B-22E9-4A9A-BD2A-FA8053569E71}.Debug|Any CPU.ActiveCfg = Debug|Any CPU
		{06EB1E9B-22E9-4A9A-BD2A-FA8053569E71}.Debug|Any CPU.Build.0 = Debug|Any CPU
		{06EB1E9B-22E9-4A9A-BD2A-FA8053569E71}.Release|Any CPU.ActiveCfg = Release|Any CPU
		{06EB1E9B-22E9-4A9A-BD2A-FA8053569E71}.Release|Any CPU.Build.0 = Release|Any CPU
		{B0EEE07D-510A-4120-A72A-3E23FCA801D3}.Debug|Any CPU.ActiveCfg = Debug|Any CPU
		{B0EEE07D-510A-4120-A72A-3E23FCA801D3}.Debug|Any CPU.Build.0 = Debug|Any CPU
		{B0EEE07D-510A-4120-A72A-3E23FCA801D3}.Release|Any CPU.ActiveCfg = Release|Any CPU
		{B0EEE07D-510A-4120-A72A-3E23FCA801D3}.Release|Any CPU.Build.0 = Release|Any CPU
		{FC884504-51ED-47D9-8FDE-057881798E41}.Debug|Any CPU.ActiveCfg = Debug|Any CPU
		{FC884504-51ED-47D9-8FDE-057881798E41}.Debug|Any CPU.Build.0 = Debug|Any CPU
		{FC884504-51ED-47D9-8FDE-057881798E41}.Release|Any CPU.ActiveCfg = Release|Any CPU
		{FC884504-51ED-47D9-8FDE-057881798E41}.Release|Any CPU.Build.0 = Release|Any CPU
	EndGlobalSection
	GlobalSection(SolutionProperties) = preSolution
		HideSolutionNode = FALSE
	EndGlobalSection
	GlobalSection(NestedProjects) = preSolution
		{0FFA0A0A-F670-4EA4-A535-8D96BBD55085} = {FDA1DC5D-2589-4F80-BCC3-5524FE471591}
		{00288E05-B337-484E-A83B-066FD58BCF3A} = {D5E9A885-B4F4-4C41-B5EE-440C2910C99C}
		{06EB1E9B-22E9-4A9A-BD2A-FA8053569E71} = {AB2403E8-B7A2-4E1B-9274-DD5E601A5FCA}
		{B0EEE07D-510A-4120-A72A-3E23FCA801D3} = {6BCBD7B1-720E-4B88-BAFA-2711DEDA6538}
		{FC884504-51ED-47D9-8FDE-057881798E41} = {AB2403E8-B7A2-4E1B-9274-DD5E601A5FCA}
	EndGlobalSection
	GlobalSection(ExtensibilityGlobals) = postSolution
		SolutionGuid = {9662E9AC-09E3-4446-B51D-C3DEDCDA5782}
	EndGlobalSection
EndGlobal
